// !$*UTF8*$!
{
	archiveVersion = 1;
	classes = {
	};
	objectVersion = 56;
	objects = {

/* Begin PBXBuildFile section */
		1A0000010000000000000001 /* PeekApp.swift in Sources */ = {isa = PBXBuildFile; fileRef = 1A0000020000000000000001 /* PeekApp.swift */; };
		1A0000030000000000000001 /* CalendarManager.swift in Sources */ = {isa = PBXBuildFile; fileRef = 1A0000040000000000000001 /* CalendarManager.swift */; };
		1A0000050000000000000001 /* MenuBarView.swift in Sources */ = {isa = PBXBuildFile; fileRef = 1A0000060000000000000001 /* MenuBarView.swift */; };
		1A0000070000000000000001 /* Assets.xcassets in Resources */ = {isa = PBXBuildFile; fileRef = 1A0000080000000000000001 /* Assets.xcassets */; };
		1A0000340000000000000001 /* Localizable.strings in Resources */ = {isa = PBXBuildFile; fileRef = 1A0000300000000000000001 /* Localizable.strings */; };
		1A0000350000000000000001 /* InfoPlist.strings in Resources */ = {isa = PBXBuildFile; fileRef = 1A0000320000000000000001 /* InfoPlist.strings */; };
		1A0000110000000000000002 /* PreferencesView.swift in Sources */ = {isa = PBXBuildFile; fileRef = 1A0000120000000000000002 /* PreferencesView.swift */; };
		1A00004C0000000000000001 /* MeetingURLDetectorTests.swift in Sources */ = {isa = PBXBuildFile; fileRef = 1A0000490000000000000001 /* MeetingURLDetectorTests.swift */; };
		1A00004D0000000000000001 /* EventTimeFormatterTests.swift in Sources */ = {isa = PBXBuildFile; fileRef = 1A00004A0000000000000001 /* EventTimeFormatterTests.swift */; };
		1A00004E0000000000000001 /* MeetingUrgencyTests.swift in Sources */ = {isa = PBXBuildFile; fileRef = 1A00004B0000000000000001 /* MeetingUrgencyTests.swift */; };
		1A0000610000000000000001 /* MeetingURLDetector.swift in Sources */ = {isa = PBXBuildFile; fileRef = 1A0000600000000000000001 /* MeetingURLDetector.swift */; };
		1A0000630000000000000001 /* EventTimeFormatter.swift in Sources */ = {isa = PBXBuildFile; fileRef = 1A0000620000000000000001 /* EventTimeFormatter.swift */; };
		1A0000690000000000000001 /* MeetingUrgency.swift in Sources */ = {isa = PBXBuildFile; fileRef = 1A0000680000000000000001 /* MeetingUrgency.swift */; };
		1A00006A0000000000000001 /* MeetingUrgency.swift in Sources */ = {isa = PBXBuildFile; fileRef = 1A0000680000000000000001 /* MeetingUrgency.swift */; };
		1A00006B0000000000000001 /* MeetingURLDetector.swift in Sources */ = {isa = PBXBuildFile; fileRef = 1A0000600000000000000001 /* MeetingURLDetector.swift */; };
		1A00006C0000000000000001 /* EventTimeFormatter.swift in Sources */ = {isa = PBXBuildFile; fileRef = 1A0000620000000000000001 /* EventTimeFormatter.swift */; };
		1A0000700000000000000001 /* EventPipeline.swift in Sources */ = {isa = PBXBuildFile; fileRef = 1A00006D0000000000000001 /* EventPipeline.swift */; };
		1A0000710000000000000001 /* EventCandidate+EventKit.swift in Sources */ = {isa = PBXBuildFile; fileRef = 1A00006E0000000000000001 /* EventCandidate+EventKit.swift */; };
		1A0000720000000000000001 /* EventPipeline.swift in Sources */ = {isa = PBXBuildFile; fileRef = 1A00006D0000000000000001 /* EventPipeline.swift */; };
		1A0000730000000000000001 /* EventPipelineTests.swift in Sources */ = {isa = PBXBuildFile; fileRef = 1A00006F0000000000000001 /* EventPipelineTests.swift */; };
		1A0000740000000000000001 /* AppBehaviorSupport.swift in Sources */ = {isa = PBXBuildFile; fileRef = 1A0000760000000000000001 /* AppBehaviorSupport.swift */; };
		1A0000750000000000000001 /* AppBehaviorSupport.swift in Sources */ = {isa = PBXBuildFile; fileRef = 1A0000760000000000000001 /* AppBehaviorSupport.swift */; };
		356A21512F22CFCE0059351D /* NotificationManager.swift in Sources */ = {isa = PBXBuildFile; fileRef = 356A21502F22CFCE0059351D /* NotificationManager.swift */; };
		2B0000010000000000000001 /* AppPreferences.swift in Sources */ = {isa = PBXBuildFile; fileRef = 2B0000110000000000000001 /* AppPreferences.swift */; };
		2B0000020000000000000001 /* AppPreferences.swift in Sources */ = {isa = PBXBuildFile; fileRef = 2B0000110000000000000001 /* AppPreferences.swift */; };
		2B0000030000000000000001 /* CalendarEventStore.swift in Sources */ = {isa = PBXBuildFile; fileRef = 2B0000120000000000000001 /* CalendarEventStore.swift */; };
		2B0000040000000000000001 /* PreferencesStore.swift in Sources */ = {isa = PBXBuildFile; fileRef = 2B0000130000000000000001 /* PreferencesStore.swift */; };
		2B0000050000000000000001 /* AppEnvironment.swift in Sources */ = {isa = PBXBuildFile; fileRef = 2B0000140000000000000001 /* AppEnvironment.swift */; };
		2B0000060000000000000001 /* StatusBarContentBuilder.swift in Sources */ = {isa = PBXBuildFile; fileRef = 2B0000150000000000000001 /* StatusBarContentBuilder.swift */; };
		2B0000070000000000000001 /* StatusBarContentBuilder.swift in Sources */ = {isa = PBXBuildFile; fileRef = 2B0000150000000000000001 /* StatusBarContentBuilder.swift */; };
		2B0000080000000000000001 /* StatusBarContentBuilderTests.swift in Sources */ = {isa = PBXBuildFile; fileRef = 2B0000160000000000000001 /* StatusBarContentBuilderTests.swift */; };
		2B0000180000000000000001 /* StatusBarSpacePolicy.swift in Sources */ = {isa = PBXBuildFile; fileRef = 2B0000170000000000000001 /* StatusBarSpacePolicy.swift */; };
		2B00001A0000000000000001 /* StatusBarSpacePolicyTests.swift in Sources */ = {isa = PBXBuildFile; fileRef = 2B0000190000000000000001 /* StatusBarSpacePolicyTests.swift */; };
		2B00001B0000000000000001 /* StatusBarSpacePolicy.swift in Sources */ = {isa = PBXBuildFile; fileRef = 2B0000170000000000000001 /* StatusBarSpacePolicy.swift */; };
		2B0000370000000000000001 /* FakeCalendarEventStore.swift in Sources */ = {isa = PBXBuildFile; fileRef = 2B0000360000000000000001 /* FakeCalendarEventStore.swift */; };
		2B0000390000000000000001 /* FakeNotificationScheduler.swift in Sources */ = {isa = PBXBuildFile; fileRef = 2B0000380000000000000001 /* FakeNotificationScheduler.swift */; };
		2B00003B0000000000000001 /* CalendarManagerIntegrationTests.swift in Sources */ = {isa = PBXBuildFile; fileRef = 2B00003A0000000000000001 /* CalendarManagerIntegrationTests.swift */; };
		2B00003C0000000000000001 /* FakeLaunchAtLoginController.swift in Sources */ = {isa = PBXBuildFile; fileRef = 2B00003E0000000000000001 /* FakeLaunchAtLoginController.swift */; };
		2B00003D0000000000000001 /* MenuBarAndPreferencesIntegrationTests.swift in Sources */ = {isa = PBXBuildFile; fileRef = 2B00003F0000000000000001 /* MenuBarAndPreferencesIntegrationTests.swift */; };
		2C0000010000000000000001 /* AppVersion.swift in Sources */ = {isa = PBXBuildFile; fileRef = 2C0000110000000000000001 /* AppVersion.swift */; };
		2C0000020000000000000001 /* AppVersion.swift in Sources */ = {isa = PBXBuildFile; fileRef = 2C0000110000000000000001 /* AppVersion.swift */; };
		2C0000030000000000000001 /* AppVersionTests.swift in Sources */ = {isa = PBXBuildFile; fileRef = 2C0000120000000000000001 /* AppVersionTests.swift */; };
		2B0000400000000000000001 /* GlobalHotkeyCoordinatorTests.swift in Sources */ = {isa = PBXBuildFile; fileRef = 2B0000410000000000000001 /* GlobalHotkeyCoordinatorTests.swift */; };
/* End PBXBuildFile section */

/* Begin PBXContainerItemProxy section */
		1A0000500000000000000001 /* PBXContainerItemProxy */ = {
			isa = PBXContainerItemProxy;
			containerPortal = 1A0000180000000000000001 /* Project object */;
			proxyType = 1;
			remoteGlobalIDString = 1A0000140000000000000001 /* Peek */;
			remoteInfo = Peek;
		};
/* End PBXContainerItemProxy section */

/* Begin PBXFileReference section */
		1A0000000000000000000001 /* Peek.app */ = {isa = PBXFileReference; explicitFileType = wrapper.application; includeInIndex = 0; path = Peek.app; sourceTree = BUILT_PRODUCTS_DIR; };
		1A0000020000000000000001 /* PeekApp.swift */ = {isa = PBXFileReference; lastKnownFileType = sourcecode.swift; path = PeekApp.swift; sourceTree = "<group>"; };
		1A0000040000000000000001 /* CalendarManager.swift */ = {isa = PBXFileReference; lastKnownFileType = sourcecode.swift; path = CalendarManager.swift; sourceTree = "<group>"; };
		1A0000060000000000000001 /* MenuBarView.swift */ = {isa = PBXFileReference; lastKnownFileType = sourcecode.swift; path = MenuBarView.swift; sourceTree = "<group>"; };
		1A0000080000000000000001 /* Assets.xcassets */ = {isa = PBXFileReference; lastKnownFileType = folder.assetcatalog; path = Assets.xcassets; sourceTree = "<group>"; };
		1A0000090000000000000001 /* Info.plist */ = {isa = PBXFileReference; lastKnownFileType = text.plist.xml; path = Info.plist; sourceTree = "<group>"; };
		1A0000120000000000000002 /* PreferencesView.swift */ = {isa = PBXFileReference; lastKnownFileType = sourcecode.swift; path = PreferencesView.swift; sourceTree = "<group>"; };
		1A0000470000000000000001 /* PeekTests.xctest */ = {isa = PBXFileReference; explicitFileType = wrapper.cfbundle; includeInIndex = 0; path = PeekTests.xctest; sourceTree = BUILT_PRODUCTS_DIR; };
		1A0000490000000000000001 /* MeetingURLDetectorTests.swift */ = {isa = PBXFileReference; lastKnownFileType = sourcecode.swift; path = MeetingURLDetectorTests.swift; sourceTree = "<group>"; };
		1A00004A0000000000000001 /* EventTimeFormatterTests.swift */ = {isa = PBXFileReference; lastKnownFileType = sourcecode.swift; path = EventTimeFormatterTests.swift; sourceTree = "<group>"; };
		1A00004B0000000000000001 /* MeetingUrgencyTests.swift */ = {isa = PBXFileReference; lastKnownFileType = sourcecode.swift; path = MeetingUrgencyTests.swift; sourceTree = "<group>"; };
		1A0000600000000000000001 /* MeetingURLDetector.swift */ = {isa = PBXFileReference; lastKnownFileType = sourcecode.swift; path = MeetingURLDetector.swift; sourceTree = "<group>"; };
		1A0000620000000000000001 /* EventTimeFormatter.swift */ = {isa = PBXFileReference; lastKnownFileType = sourcecode.swift; path = EventTimeFormatter.swift; sourceTree = "<group>"; };
		1A0000680000000000000001 /* MeetingUrgency.swift */ = {isa = PBXFileReference; lastKnownFileType = sourcecode.swift; path = MeetingUrgency.swift; sourceTree = "<group>"; };
		1A00006D0000000000000001 /* EventPipeline.swift */ = {isa = PBXFileReference; lastKnownFileType = sourcecode.swift; path = EventPipeline.swift; sourceTree = "<group>"; };
		1A00006E0000000000000001 /* EventCandidate+EventKit.swift */ = {isa = PBXFileReference; lastKnownFileType = sourcecode.swift; path = "EventCandidate+EventKit.swift"; sourceTree = "<group>"; };
		1A00006F0000000000000001 /* EventPipelineTests.swift */ = {isa = PBXFileReference; lastKnownFileType = sourcecode.swift; path = EventPipelineTests.swift; sourceTree = "<group>"; };
		1A0000760000000000000001 /* AppBehaviorSupport.swift */ = {isa = PBXFileReference; lastKnownFileType = sourcecode.swift; path = AppBehaviorSupport.swift; sourceTree = "<group>"; };
		1A0000290000000000000001 /* Peek.entitlements */ = {isa = PBXFileReference; lastKnownFileType = text.plist.entitlements; path = Peek.entitlements; sourceTree = "<group>"; };
		1A0000310000000000000001 /* en */ = {isa = PBXFileReference; lastKnownFileType = text.plist.strings; name = en; path = en.lproj/Localizable.strings; sourceTree = "<group>"; };
		1A0000330000000000000001 /* en */ = {isa = PBXFileReference; lastKnownFileType = text.plist.strings; name = en; path = en.lproj/InfoPlist.strings; sourceTree = "<group>"; };
		356A21502F22CFCE0059351D /* NotificationManager.swift */ = {isa = PBXFileReference; lastKnownFileType = sourcecode.swift; path = NotificationManager.swift; sourceTree = "<group>"; };
		2B0000110000000000000001 /* AppPreferences.swift */ = {isa = PBXFileReference; lastKnownFileType = sourcecode.swift; path = AppPreferences.swift; sourceTree = "<group>"; };
		2B0000120000000000000001 /* CalendarEventStore.swift */ = {isa = PBXFileReference; lastKnownFileType = sourcecode.swift; path = CalendarEventStore.swift; sourceTree = "<group>"; };
		2B0000130000000000000001 /* PreferencesStore.swift */ = {isa = PBXFileReference; lastKnownFileType = sourcecode.swift; path = PreferencesStore.swift; sourceTree = "<group>"; };
		2B0000140000000000000001 /* AppEnvironment.swift */ = {isa = PBXFileReference; lastKnownFileType = sourcecode.swift; path = AppEnvironment.swift; sourceTree = "<group>"; };
		2B0000150000000000000001 /* StatusBarContentBuilder.swift */ = {isa = PBXFileReference; lastKnownFileType = sourcecode.swift; path = StatusBarContentBuilder.swift; sourceTree = "<group>"; };
		2B0000160000000000000001 /* StatusBarContentBuilderTests.swift */ = {isa = PBXFileReference; lastKnownFileType = sourcecode.swift; path = StatusBarContentBuilderTests.swift; sourceTree = "<group>"; };
		2B0000170000000000000001 /* StatusBarSpacePolicy.swift */ = {isa = PBXFileReference; lastKnownFileType = sourcecode.swift; path = StatusBarSpacePolicy.swift; sourceTree = "<group>"; };
		2B0000190000000000000001 /* StatusBarSpacePolicyTests.swift */ = {isa = PBXFileReference; lastKnownFileType = sourcecode.swift; path = StatusBarSpacePolicyTests.swift; sourceTree = "<group>"; };
		2B0000350000000000000001 /* Fakes */ = {isa = PBXFileReference; lastKnownFileType = folder; path = Fakes; sourceTree = "<group>"; };
		2B0000360000000000000001 /* FakeCalendarEventStore.swift */ = {isa = PBXFileReference; lastKnownFileType = sourcecode.swift; path = FakeCalendarEventStore.swift; sourceTree = "<group>"; };
		2B0000380000000000000001 /* FakeNotificationScheduler.swift */ = {isa = PBXFileReference; lastKnownFileType = sourcecode.swift; path = FakeNotificationScheduler.swift; sourceTree = "<group>"; };
		2B00003A0000000000000001 /* CalendarManagerIntegrationTests.swift */ = {isa = PBXFileReference; lastKnownFileType = sourcecode.swift; path = CalendarManagerIntegrationTests.swift; sourceTree = "<group>"; };
		2B00003E0000000000000001 /* FakeLaunchAtLoginController.swift */ = {isa = PBXFileReference; lastKnownFileType = sourcecode.swift; path = FakeLaunchAtLoginController.swift; sourceTree = "<group>"; };
		2B00003F0000000000000001 /* MenuBarAndPreferencesIntegrationTests.swift */ = {isa = PBXFileReference; lastKnownFileType = sourcecode.swift; path = MenuBarAndPreferencesIntegrationTests.swift; sourceTree = "<group>"; };
		2C0000110000000000000001 /* AppVersion.swift */ = {isa = PBXFileReference; lastKnownFileType = sourcecode.swift; path = AppVersion.swift; sourceTree = "<group>"; };
		2C0000120000000000000001 /* AppVersionTests.swift */ = {isa = PBXFileReference; lastKnownFileType = sourcecode.swift; path = AppVersionTests.swift; sourceTree = "<group>"; };
		2B0000410000000000000001 /* GlobalHotkeyCoordinatorTests.swift */ = {isa = PBXFileReference; lastKnownFileType = sourcecode.swift; path = GlobalHotkeyCoordinatorTests.swift; sourceTree = "<group>"; };
		2C0000130000000000000001 /* Version.xcconfig */ = {isa = PBXFileReference; lastKnownFileType = text.xcconfig; path = Version.xcconfig; sourceTree = "<group>"; };
/* End PBXFileReference section */

/* Begin PBXFrameworksBuildPhase section */
		1A0000100000000000000001 /* Frameworks */ = {
			isa = PBXFrameworksBuildPhase;
			buildActionMask = 2147483647;
			files = (
			);
			runOnlyForDeploymentPostprocessing = 0;
		};
		1A0000450000000000000001 /* Frameworks */ = {
			isa = PBXFrameworksBuildPhase;
			buildActionMask = 2147483647;
			files = (
			);
			runOnlyForDeploymentPostprocessing = 0;
		};
/* End PBXFrameworksBuildPhase section */

/* Begin PBXGroup section */
		1A0000110000000000000001 = {
			isa = PBXGroup;
			children = (
				2C0000200000000000000001 /* Configuration */,
				1A0000120000000000000001 /* Peek */,
				1A0000480000000000000001 /* PeekTests */,
				1A0000130000000000000001 /* Products */,
			);
			sourceTree = "<group>";
		};
		1A0000120000000000000001 /* Peek */ = {
			isa = PBXGroup;
			children = (
				1A0000240000000000000001 /* Sources */,
				1A0000280000000000000001 /* Resources */,
			);
			path = Peek;
			sourceTree = "<group>";
		};
		1A0000240000000000000001 /* Sources */ = {
			isa = PBXGroup;
			children = (
				1A0000250000000000000001 /* App */,
				2B0000200000000000000001 /* Application */,
				2B0000210000000000000001 /* Domain */,
				2B0000220000000000000001 /* Infrastructure */,
				2B0000230000000000000001 /* Presentation */,
			);
			path = Sources;
			sourceTree = "<group>";
		};
		1A0000250000000000000001 /* App */ = {
			isa = PBXGroup;
			children = (
				1A0000020000000000000001 /* PeekApp.swift */,
			);
			path = App;
			sourceTree = "<group>";
		};
		1A0000480000000000000001 /* PeekTests */ = {
			isa = PBXGroup;
			children = (
				2B0000350000000000000001 /* Fakes */,
				2C0000120000000000000001 /* AppVersionTests.swift */,
				1A0000490000000000000001 /* MeetingURLDetectorTests.swift */,
				1A00004A0000000000000001 /* EventTimeFormatterTests.swift */,
				1A00004B0000000000000001 /* MeetingUrgencyTests.swift */,
				1A00006F0000000000000001 /* EventPipelineTests.swift */,
				2B0000160000000000000001 /* StatusBarContentBuilderTests.swift */,
				2B0000190000000000000001 /* StatusBarSpacePolicyTests.swift */,
				2B00003A0000000000000001 /* CalendarManagerIntegrationTests.swift */,
				2B00003F0000000000000001 /* MenuBarAndPreferencesIntegrationTests.swift */,
				2B0000410000000000000001 /* GlobalHotkeyCoordinatorTests.swift */,
			);
			path = PeekTests;
			sourceTree = "<group>";
		};
		1A0000280000000000000001 /* Resources */ = {
			isa = PBXGroup;
			children = (
				1A0000080000000000000001 /* Assets.xcassets */,
				1A0000300000000000000001 /* Localizable.strings */,
				1A0000320000000000000001 /* InfoPlist.strings */,
				1A0000090000000000000001 /* Info.plist */,
				1A0000290000000000000001 /* Peek.entitlements */,
			);
			path = Resources;
			sourceTree = "<group>";
		};
		1A0000130000000000000001 /* Products */ = {
			isa = PBXGroup;
			children = (
				1A0000000000000000000001 /* Peek.app */,
				1A0000470000000000000001 /* PeekTests.xctest */,
			);
			name = Products;
			sourceTree = "<group>";
		};
		2B0000200000000000000001 /* Application */ = {
			isa = PBXGroup;
			children = (
				2B0000140000000000000001 /* AppEnvironment.swift */,
				1A0000760000000000000001 /* AppBehaviorSupport.swift */,
				2C0000110000000000000001 /* AppVersion.swift */,
				2B0000170000000000000001 /* StatusBarSpacePolicy.swift */,
				2B0000240000000000000001 /* Calendar */,
			);
			path = Application;
			sourceTree = "<group>";
		};
		2B0000210000000000000001 /* Domain */ = {
			isa = PBXGroup;
			children = (
				2B0000250000000000000001 /* Models */,
				2B0000260000000000000001 /* Events */,
				2B0000270000000000000001 /* Meetings */,
			);
			path = Domain;
			sourceTree = "<group>";
		};
		2B0000220000000000000001 /* Infrastructure */ = {
			isa = PBXGroup;
			children = (
				2B0000280000000000000001 /* Calendar */,
				2B0000290000000000000001 /* Notifications */,
				2B0000300000000000000001 /* Preferences */,
			);
			path = Infrastructure;
			sourceTree = "<group>";
		};
		2B0000230000000000000001 /* Presentation */ = {
			isa = PBXGroup;
			children = (
				2B0000310000000000000001 /* Formatting */,
				2B0000320000000000000001 /* MenuBar */,
				2B0000330000000000000001 /* Preferences */,
				2B0000340000000000000001 /* StatusBar */,
			);
			path = Presentation;
			sourceTree = "<group>";
		};
		2B0000240000000000000001 /* Calendar */ = {
			isa = PBXGroup;
			children = (
				1A0000040000000000000001 /* CalendarManager.swift */,
			);
			path = Calendar;
			sourceTree = "<group>";
		};
		2B0000250000000000000001 /* Models */ = {
			isa = PBXGroup;
			children = (
				2B0000110000000000000001 /* AppPreferences.swift */,
			);
			path = Models;
			sourceTree = "<group>";
		};
		2B0000260000000000000001 /* Events */ = {
			isa = PBXGroup;
			children = (
				1A00006D0000000000000001 /* EventPipeline.swift */,
				1A0000680000000000000001 /* MeetingUrgency.swift */,
			);
			path = Events;
			sourceTree = "<group>";
		};
		2B0000270000000000000001 /* Meetings */ = {
			isa = PBXGroup;
			children = (
				1A0000600000000000000001 /* MeetingURLDetector.swift */,
			);
			path = Meetings;
			sourceTree = "<group>";
		};
		2B0000280000000000000001 /* Calendar */ = {
			isa = PBXGroup;
			children = (
				2B0000120000000000000001 /* CalendarEventStore.swift */,
				1A00006E0000000000000001 /* EventCandidate+EventKit.swift */,
			);
			path = Calendar;
			sourceTree = "<group>";
		};
		2B0000290000000000000001 /* Notifications */ = {
			isa = PBXGroup;
			children = (
				356A21502F22CFCE0059351D /* NotificationManager.swift */,
			);
			path = Notifications;
			sourceTree = "<group>";
		};
		2B0000300000000000000001 /* Preferences */ = {
			isa = PBXGroup;
			children = (
				2B0000130000000000000001 /* PreferencesStore.swift */,
			);
			path = Preferences;
			sourceTree = "<group>";
		};
		2B0000310000000000000001 /* Formatting */ = {
			isa = PBXGroup;
			children = (
				1A0000620000000000000001 /* EventTimeFormatter.swift */,
			);
			path = Formatting;
			sourceTree = "<group>";
		};
		2B0000320000000000000001 /* MenuBar */ = {
			isa = PBXGroup;
			children = (
				1A0000060000000000000001 /* MenuBarView.swift */,
			);
			path = MenuBar;
			sourceTree = "<group>";
		};
		2B0000330000000000000001 /* Preferences */ = {
			isa = PBXGroup;
			children = (
				1A0000120000000000000002 /* PreferencesView.swift */,
			);
			path = Preferences;
			sourceTree = "<group>";
		};
		2B0000340000000000000001 /* StatusBar */ = {
			isa = PBXGroup;
			children = (
				2B0000150000000000000001 /* StatusBarContentBuilder.swift */,
			);
			path = StatusBar;
			sourceTree = "<group>";
		};
		2B0000350000000000000001 /* Fakes */ = {
			isa = PBXGroup;
			children = (
				2B0000360000000000000001 /* FakeCalendarEventStore.swift */,
				2B0000380000000000000001 /* FakeNotificationScheduler.swift */,
				2B00003E0000000000000001 /* FakeLaunchAtLoginController.swift */,
			);
			path = Fakes;
			sourceTree = "<group>";
		};
		2C0000200000000000000001 /* Configuration */ = {
			isa = PBXGroup;
			children = (
				2C0000130000000000000001 /* Version.xcconfig */,
			);
			path = Configuration;
			sourceTree = "<group>";
		};
/* End PBXGroup section */

/* Begin PBXVariantGroup section */
		1A0000300000000000000001 /* Localizable.strings */ = {
			isa = PBXVariantGroup;
			children = (
				1A0000310000000000000001 /* en */,
			);
			name = Localizable.strings;
			sourceTree = "<group>";
		};
		1A0000320000000000000001 /* InfoPlist.strings */ = {
			isa = PBXVariantGroup;
			children = (
				1A0000330000000000000001 /* en */,
			);
			name = InfoPlist.strings;
			sourceTree = "<group>";
		};
/* End PBXVariantGroup section */

/* Begin PBXNativeTarget section */
		1A0000140000000000000001 /* Peek */ = {
			isa = PBXNativeTarget;
			buildConfigurationList = 1A0000150000000000000001 /* Build configuration list for PBXNativeTarget "Peek" */;
			buildPhases = (
				1A0000160000000000000001 /* Sources */,
				1A0000100000000000000001 /* Frameworks */,
				1A0000170000000000000001 /* Resources */,
			);
			buildRules = (
			);
			dependencies = (
			);
			name = Peek;
			productName = Peek;
			productReference = 1A0000000000000000000001 /* Peek.app */;
			productType = "com.apple.product-type.application";
		};
		1A0000400000000000000001 /* PeekTests */ = {
			isa = PBXNativeTarget;
			buildConfigurationList = 1A0000430000000000000001 /* Build configuration list for PBXNativeTarget "PeekTests" */;
			buildPhases = (
				1A0000440000000000000001 /* Sources */,
				1A0000450000000000000001 /* Frameworks */,
				1A0000460000000000000001 /* Resources */,
			);
			buildRules = (
			);
			dependencies = (
				1A00004F0000000000000001 /* PBXTargetDependency */,
			);
			name = PeekTests;
			productName = PeekTests;
			productReference = 1A0000470000000000000001 /* PeekTests.xctest */;
			productType = "com.apple.product-type.bundle.unit-test";
		};
/* End PBXNativeTarget section */

/* Begin PBXProject section */
		1A0000180000000000000001 /* Project object */ = {
			isa = PBXProject;
			attributes = {
				BuildIndependentTargetsInParallel = 1;
				LastSwiftUpdateCheck = 1500;
				LastUpgradeCheck = 2620;
				TargetAttributes = {
					1A0000140000000000000001 = {
						CreatedOnToolsVersion = 15.0;
					};
					1A0000400000000000000001 = {
						CreatedOnToolsVersion = 15.0;
						TestTargetID = 1A0000140000000000000001;
					};
				};
			};
			buildConfigurationList = 1A0000190000000000000001 /* Build configuration list for PBXProject "Peek" */;
			compatibilityVersion = "Xcode 14.0";
			developmentRegion = en;
			hasScannedForEncodings = 0;
			knownRegions = (
				en,
				Base,
			);
			mainGroup = 1A0000110000000000000001;
			productRefGroup = 1A0000130000000000000001 /* Products */;
			projectDirPath = "";
			projectRoot = "";
			targets = (
				1A0000140000000000000001 /* Peek */,
				1A0000400000000000000001 /* PeekTests */,
			);
		};
/* End PBXProject section */

/* Begin PBXResourcesBuildPhase section */
		1A0000170000000000000001 /* Resources */ = {
			isa = PBXResourcesBuildPhase;
			buildActionMask = 2147483647;
			files = (
				1A0000070000000000000001 /* Assets.xcassets in Resources */,
				1A0000340000000000000001 /* Localizable.strings in Resources */,
				1A0000350000000000000001 /* InfoPlist.strings in Resources */,
			);
			runOnlyForDeploymentPostprocessing = 0;
		};
		1A0000460000000000000001 /* Resources */ = {
			isa = PBXResourcesBuildPhase;
			buildActionMask = 2147483647;
			files = (
			);
			runOnlyForDeploymentPostprocessing = 0;
		};
/* End PBXResourcesBuildPhase section */

/* Begin PBXTargetDependency section */
		1A00004F0000000000000001 /* PBXTargetDependency */ = {
			isa = PBXTargetDependency;
			target = 1A0000140000000000000001 /* Peek */;
			targetProxy = 1A0000500000000000000001 /* PBXContainerItemProxy */;
		};
/* End PBXTargetDependency section */

/* Begin PBXSourcesBuildPhase section */
		1A0000160000000000000001 /* Sources */ = {
			isa = PBXSourcesBuildPhase;
			buildActionMask = 2147483647;
			files = (
				1A0000010000000000000001 /* PeekApp.swift in Sources */,
				2B0000180000000000000001 /* StatusBarSpacePolicy.swift in Sources */,
				2B0000050000000000000001 /* AppEnvironment.swift in Sources */,
				2C0000010000000000000001 /* AppVersion.swift in Sources */,
				1A0000030000000000000001 /* CalendarManager.swift in Sources */,
				356A21512F22CFCE0059351D /* NotificationManager.swift in Sources */,
				2B0000030000000000000001 /* CalendarEventStore.swift in Sources */,
				2B0000040000000000000001 /* PreferencesStore.swift in Sources */,
				2B0000010000000000000001 /* AppPreferences.swift in Sources */,
				1A0000740000000000000001 /* AppBehaviorSupport.swift in Sources */,
				1A0000700000000000000001 /* EventPipeline.swift in Sources */,
				1A0000710000000000000001 /* EventCandidate+EventKit.swift in Sources */,
				1A0000610000000000000001 /* MeetingURLDetector.swift in Sources */,
				1A0000630000000000000001 /* EventTimeFormatter.swift in Sources */,
				1A0000690000000000000001 /* MeetingUrgency.swift in Sources */,
				2B0000060000000000000001 /* StatusBarContentBuilder.swift in Sources */,
				1A0000050000000000000001 /* MenuBarView.swift in Sources */,
				1A0000110000000000000002 /* PreferencesView.swift in Sources */,
			);
			runOnlyForDeploymentPostprocessing = 0;
		};
		1A0000440000000000000001 /* Sources */ = {
			isa = PBXSourcesBuildPhase;
			buildActionMask = 2147483647;
			files = (
				2C0000030000000000000001 /* AppVersionTests.swift in Sources */,
				1A00004C0000000000000001 /* MeetingURLDetectorTests.swift in Sources */,
				1A00004D0000000000000001 /* EventTimeFormatterTests.swift in Sources */,
				1A00004E0000000000000001 /* MeetingUrgencyTests.swift in Sources */,
				2B0000080000000000000001 /* StatusBarContentBuilderTests.swift in Sources */,
				1A0000730000000000000001 /* EventPipelineTests.swift in Sources */,
				2B00001A0000000000000001 /* StatusBarSpacePolicyTests.swift in Sources */,
				2B0000400000000000000001 /* GlobalHotkeyCoordinatorTests.swift in Sources */,
				2B00003B0000000000000001 /* CalendarManagerIntegrationTests.swift in Sources */,
				2B0000370000000000000001 /* FakeCalendarEventStore.swift in Sources */,
				2B0000390000000000000001 /* FakeNotificationScheduler.swift in Sources */,
				2B00003C0000000000000001 /* FakeLaunchAtLoginController.swift in Sources */,
				2B00003D0000000000000001 /* MenuBarAndPreferencesIntegrationTests.swift in Sources */,
			);
			runOnlyForDeploymentPostprocessing = 0;
		};
/* End PBXSourcesBuildPhase section */

/* Begin XCBuildConfiguration section */
		1A0000200000000000000001 /* Debug */ = {
			isa = XCBuildConfiguration;
			buildSettings = {
				ALWAYS_SEARCH_USER_PATHS = NO;
				ASSETCATALOG_COMPILER_GENERATE_SWIFT_ASSET_SYMBOL_EXTENSIONS = YES;
				CLANG_ANALYZER_NONNULL = YES;
				CLANG_ANALYZER_NUMBER_OBJECT_CONVERSION = YES_AGGRESSIVE;
				CLANG_CXX_LANGUAGE_STANDARD = "gnu++20";
				CLANG_ENABLE_MODULES = YES;
				CLANG_ENABLE_OBJC_ARC = YES;
				CLANG_ENABLE_OBJC_WEAK = YES;
				CLANG_WARN_BLOCK_CAPTURE_AUTORELEASING = YES;
				CLANG_WARN_BOOL_CONVERSION = YES;
				CLANG_WARN_COMMA = YES;
				CLANG_WARN_CONSTANT_CONVERSION = YES;
				CLANG_WARN_DEPRECATED_OBJC_IMPLEMENTATIONS = YES;
				CLANG_WARN_DIRECT_OBJC_ISA_USAGE = YES_ERROR;
				CLANG_WARN_DOCUMENTATION_COMMENTS = YES;
				CLANG_WARN_EMPTY_BODY = YES;
				CLANG_WARN_ENUM_CONVERSION = YES;
				CLANG_WARN_INFINITE_RECURSION = YES;
				CLANG_WARN_INT_CONVERSION = YES;
				CLANG_WARN_NON_LITERAL_NULL_CONVERSION = YES;
				CLANG_WARN_OBJC_IMPLICIT_RETAIN_SELF = YES;
				CLANG_WARN_OBJC_LITERAL_CONVERSION = YES;
				CLANG_WARN_OBJC_ROOT_CLASS = YES_ERROR;
				CLANG_WARN_QUOTED_INCLUDE_IN_FRAMEWORK_HEADER = YES;
				CLANG_WARN_RANGE_LOOP_ANALYSIS = YES;
				CLANG_WARN_STRICT_PROTOTYPES = YES;
				CLANG_WARN_SUSPICIOUS_MOVE = YES;
				CLANG_WARN_UNGUARDED_AVAILABILITY = YES_AGGRESSIVE;
				CLANG_WARN_UNREACHABLE_CODE = YES;
				CLANG_WARN__DUPLICATE_METHOD_MATCH = YES;
				COPY_PHASE_STRIP = NO;
				DEAD_CODE_STRIPPING = YES;
				DEBUG_INFORMATION_FORMAT = dwarf;
				ENABLE_STRICT_OBJC_MSGSEND = YES;
				ENABLE_TESTABILITY = YES;
				ENABLE_USER_SCRIPT_SANDBOXING = YES;
				GCC_C_LANGUAGE_STANDARD = gnu17;
				GCC_DYNAMIC_NO_PIC = NO;
				GCC_NO_COMMON_BLOCKS = YES;
				GCC_OPTIMIZATION_LEVEL = 0;
				GCC_PREPROCESSOR_DEFINITIONS = (
					"DEBUG=1",
					"$(inherited)",
				);
				GCC_WARN_64_TO_32_BIT_CONVERSION = YES;
				GCC_WARN_ABOUT_RETURN_TYPE = YES_ERROR;
				GCC_WARN_UNDECLARED_SELECTOR = YES;
				GCC_WARN_UNINITIALIZED_AUTOS = YES_AGGRESSIVE;
				GCC_WARN_UNUSED_FUNCTION = YES;
				GCC_WARN_UNUSED_VARIABLE = YES;
				LOCALIZATION_PREFERS_STRING_CATALOGS = YES;
				MACOSX_DEPLOYMENT_TARGET = 13.0;
				MTL_ENABLE_DEBUG_INFO = INCLUDE_SOURCE;
				MTL_FAST_MATH = YES;
				ONLY_ACTIVE_ARCH = YES;
				SDKROOT = macosx;
				STRING_CATALOG_GENERATE_SYMBOLS = YES;
				SWIFT_ACTIVE_COMPILATION_CONDITIONS = "DEBUG $(inherited)";
				SWIFT_OPTIMIZATION_LEVEL = "-Onone";
			};
			name = Debug;
		};
		1A0000210000000000000001 /* Release */ = {
			isa = XCBuildConfiguration;
			buildSettings = {
				ALWAYS_SEARCH_USER_PATHS = NO;
				ASSETCATALOG_COMPILER_GENERATE_SWIFT_ASSET_SYMBOL_EXTENSIONS = YES;
				CLANG_ANALYZER_NONNULL = YES;
				CLANG_ANALYZER_NUMBER_OBJECT_CONVERSION = YES_AGGRESSIVE;
				CLANG_CXX_LANGUAGE_STANDARD = "gnu++20";
				CLANG_ENABLE_MODULES = YES;
				CLANG_ENABLE_OBJC_ARC = YES;
				CLANG_ENABLE_OBJC_WEAK = YES;
				CLANG_WARN_BLOCK_CAPTURE_AUTORELEASING = YES;
				CLANG_WARN_BOOL_CONVERSION = YES;
				CLANG_WARN_COMMA = YES;
				CLANG_WARN_CONSTANT_CONVERSION = YES;
				CLANG_WARN_DEPRECATED_OBJC_IMPLEMENTATIONS = YES;
				CLANG_WARN_DIRECT_OBJC_ISA_USAGE = YES_ERROR;
				CLANG_WARN_DOCUMENTATION_COMMENTS = YES;
				CLANG_WARN_EMPTY_BODY = YES;
				CLANG_WARN_ENUM_CONVERSION = YES;
				CLANG_WARN_INFINITE_RECURSION = YES;
				CLANG_WARN_INT_CONVERSION = YES;
				CLANG_WARN_NON_LITERAL_NULL_CONVERSION = YES;
				CLANG_WARN_OBJC_IMPLICIT_RETAIN_SELF = YES;
				CLANG_WARN_OBJC_LITERAL_CONVERSION = YES;
				CLANG_WARN_OBJC_ROOT_CLASS = YES_ERROR;
				CLANG_WARN_QUOTED_INCLUDE_IN_FRAMEWORK_HEADER = YES;
				CLANG_WARN_RANGE_LOOP_ANALYSIS = YES;
				CLANG_WARN_STRICT_PROTOTYPES = YES;
				CLANG_WARN_SUSPICIOUS_MOVE = YES;
				CLANG_WARN_UNGUARDED_AVAILABILITY = YES_AGGRESSIVE;
				CLANG_WARN_UNREACHABLE_CODE = YES;
				CLANG_WARN__DUPLICATE_METHOD_MATCH = YES;
				COPY_PHASE_STRIP = NO;
				DEAD_CODE_STRIPPING = YES;
				DEBUG_INFORMATION_FORMAT = "dwarf-with-dsym";
				ENABLE_NS_ASSERTIONS = NO;
				ENABLE_STRICT_OBJC_MSGSEND = YES;
				ENABLE_USER_SCRIPT_SANDBOXING = YES;
				GCC_C_LANGUAGE_STANDARD = gnu17;
				GCC_NO_COMMON_BLOCKS = YES;
				GCC_WARN_64_TO_32_BIT_CONVERSION = YES;
				GCC_WARN_ABOUT_RETURN_TYPE = YES_ERROR;
				GCC_WARN_UNDECLARED_SELECTOR = YES;
				GCC_WARN_UNINITIALIZED_AUTOS = YES_AGGRESSIVE;
				GCC_WARN_UNUSED_FUNCTION = YES;
				GCC_WARN_UNUSED_VARIABLE = YES;
				LOCALIZATION_PREFERS_STRING_CATALOGS = YES;
				MACOSX_DEPLOYMENT_TARGET = 13.0;
				MTL_ENABLE_DEBUG_INFO = NO;
				MTL_FAST_MATH = YES;
				SDKROOT = macosx;
				STRING_CATALOG_GENERATE_SYMBOLS = YES;
				SWIFT_COMPILATION_MODE = wholemodule;
			};
			name = Release;
		};
		1A0000220000000000000001 /* Debug */ = {
			isa = XCBuildConfiguration;
			baseConfigurationReference = 2C0000130000000000000001 /* Version.xcconfig */;
			buildSettings = {
				ASSETCATALOG_COMPILER_APPICON_NAME = AppIcon;
				CODE_SIGN_ENTITLEMENTS = Peek/Resources/Peek.entitlements;
				CODE_SIGN_STYLE = Automatic;
				COMBINE_HIDPI_IMAGES = YES;
				DEAD_CODE_STRIPPING = YES;
				DEVELOPMENT_TEAM = RY7ZAZ3QN9;
				ENABLE_APP_SANDBOX = YES;
				ENABLE_HARDENED_RUNTIME = YES;
				ENABLE_RESOURCE_ACCESS_CALENDARS = YES;
				GENERATE_INFOPLIST_FILE = NO;
				INFOPLIST_FILE = Peek/Resources/Info.plist;
				INFOPLIST_KEY_LSApplicationCategoryType = "public.app-category.utilities";
				INFOPLIST_KEY_LSUIElement = YES;
				INFOPLIST_KEY_NSCalendarsUsageDescription = "This app needs access to your calendar to display upcoming events in the menu bar.";
				INFOPLIST_KEY_NSHumanReadableCopyright = "";
				LD_RUNPATH_SEARCH_PATHS = (
					"$(inherited)",
					"@executable_path/../Frameworks",
				);
				PRODUCT_BUNDLE_IDENTIFIER = com.peek.app;
				PRODUCT_NAME = "$(TARGET_NAME)";
				SWIFT_EMIT_LOC_STRINGS = YES;
				SWIFT_VERSION = 5.0;
			};
			name = Debug;
		};
		1A0000230000000000000001 /* Release */ = {
			isa = XCBuildConfiguration;
			baseConfigurationReference = 2C0000130000000000000001 /* Version.xcconfig */;
			buildSettings = {
				ASSETCATALOG_COMPILER_APPICON_NAME = AppIcon;
				CODE_SIGN_ENTITLEMENTS = Peek/Resources/Peek.entitlements;
				CODE_SIGN_STYLE = Automatic;
				COMBINE_HIDPI_IMAGES = YES;
				DEAD_CODE_STRIPPING = YES;
				DEVELOPMENT_TEAM = RY7ZAZ3QN9;
				ENABLE_APP_SANDBOX = YES;
				ENABLE_HARDENED_RUNTIME = YES;
				ENABLE_RESOURCE_ACCESS_CALENDARS = YES;
				GENERATE_INFOPLIST_FILE = NO;
				INFOPLIST_FILE = Peek/Resources/Info.plist;
				INFOPLIST_KEY_LSApplicationCategoryType = "public.app-category.utilities";
				INFOPLIST_KEY_LSUIElement = YES;
				INFOPLIST_KEY_NSCalendarsUsageDescription = "This app needs access to your calendar to display upcoming events in the menu bar.";
				INFOPLIST_KEY_NSHumanReadableCopyright = "";
				LD_RUNPATH_SEARCH_PATHS = (
					"$(inherited)",
					"@executable_path/../Frameworks",
				);
				PRODUCT_BUNDLE_IDENTIFIER = com.peek.app;
				PRODUCT_NAME = "$(TARGET_NAME)";
				SWIFT_EMIT_LOC_STRINGS = YES;
				SWIFT_VERSION = 5.0;
			};
			name = Release;
		};
		1A0000410000000000000001 /* Debug */ = {
			isa = XCBuildConfiguration;
			buildSettings = {
				ALWAYS_SEARCH_USER_PATHS = NO;
				BUNDLE_LOADER = "$(TEST_HOST)";
				CODE_SIGN_STYLE = Automatic;
				DEVELOPMENT_TEAM = RY7ZAZ3QN9;
				GENERATE_INFOPLIST_FILE = YES;
				INFOPLIST_KEY_CFBundleName = "$(PRODUCT_NAME)";
				LD_RUNPATH_SEARCH_PATHS = (
					"$(inherited)",
					"@executable_path/../Frameworks",
					"@loader_path/../Frameworks",
				);
				MACOSX_DEPLOYMENT_TARGET = 13.0;
				PRODUCT_BUNDLE_IDENTIFIER = com.peek.app.tests;
				PRODUCT_NAME = "$(TARGET_NAME)";
				SKIP_INSTALL = YES;
				SWIFT_VERSION = 5.0;
				TEST_HOST = "$(BUILT_PRODUCTS_DIR)/Peek.app/Contents/MacOS/Peek";
			};
			name = Debug;
		};
		1A0000420000000000000001 /* Release */ = {
			isa = XCBuildConfiguration;
			buildSettings = {
				ALWAYS_SEARCH_USER_PATHS = NO;
				BUNDLE_LOADER = "$(TEST_HOST)";
				CODE_SIGN_STYLE = Automatic;
				DEVELOPMENT_TEAM = RY7ZAZ3QN9;
				GENERATE_INFOPLIST_FILE = YES;
				INFOPLIST_KEY_CFBundleName = "$(PRODUCT_NAME)";
				LD_RUNPATH_SEARCH_PATHS = (
					"$(inherited)",
					"@executable_path/../Frameworks",
					"@loader_path/../Frameworks",
				);
				MACOSX_DEPLOYMENT_TARGET = 13.0;
				PRODUCT_BUNDLE_IDENTIFIER = com.peek.app.tests;
				PRODUCT_NAME = "$(TARGET_NAME)";
				SKIP_INSTALL = YES;
				SWIFT_COMPILATION_MODE = wholemodule;
				SWIFT_VERSION = 5.0;
				TEST_HOST = "$(BUILT_PRODUCTS_DIR)/Peek.app/Contents/MacOS/Peek";
			};
			name = Release;
		};
/* End XCBuildConfiguration section */

/* Begin XCConfigurationList section */
		1A0000150000000000000001 /* Build configuration list for PBXNativeTarget "Peek" */ = {
			isa = XCConfigurationList;
			buildConfigurations = (
				1A0000220000000000000001 /* Debug */,
				1A0000230000000000000001 /* Release */,
			);
			defaultConfigurationIsVisible = 0;
			defaultConfigurationName = Release;
		};
		1A0000430000000000000001 /* Build configuration list for PBXNativeTarget "PeekTests" */ = {
			isa = XCConfigurationList;
			buildConfigurations = (
				1A0000410000000000000001 /* Debug */,
				1A0000420000000000000001 /* Release */,
			);
			defaultConfigurationIsVisible = 0;
			defaultConfigurationName = Release;
		};
		1A0000190000000000000001 /* Build configuration list for PBXProject "Peek" */ = {
			isa = XCConfigurationList;
			buildConfigurations = (
				1A0000200000000000000001 /* Debug */,
				1A0000210000000000000001 /* Release */,
			);
			defaultConfigurationIsVisible = 0;
			defaultConfigurationName = Release;
		};
/* End XCConfigurationList section */
	};
	rootObject = 1A0000180000000000000001 /* Project object */;
}
